// !$*UTF8*$!
{
	archiveVersion = 1;
	classes = {
	};
	objectVersion = 50;
	objects = {

/* Begin PBXBuildFile section */
		1C179FEA229E85CB002F5835 /* CollectionViewCellMenu.swift in Sources */ = {isa = PBXBuildFile; fileRef = 1C179FE9229E85CB002F5835 /* CollectionViewCellMenu.swift */; };
		1C17A01C229E95A0002F5835 /* menuViewController.swift in Sources */ = {isa = PBXBuildFile; fileRef = 1C17A01B229E95A0002F5835 /* menuViewController.swift */; };
		1C17A01E229E95AF002F5835 /* menuCollectionViewCell.swift in Sources */ = {isa = PBXBuildFile; fileRef = 1C17A01D229E95AF002F5835 /* menuCollectionViewCell.swift */; };
		1C17A020229E95E6002F5835 /* IconMenu.swift in Sources */ = {isa = PBXBuildFile; fileRef = 1C17A01F229E95E6002F5835 /* IconMenu.swift */; };
		1C5AA8F1229B95C500D38F27 /* AppDelegate.swift in Sources */ = {isa = PBXBuildFile; fileRef = 1C5AA8F0229B95C500D38F27 /* AppDelegate.swift */; };
		1C5AA8F6229B95C500D38F27 /* Main.storyboard in Resources */ = {isa = PBXBuildFile; fileRef = 1C5AA8F4229B95C500D38F27 /* Main.storyboard */; };
		1C5AA8F8229B95C600D38F27 /* Assets.xcassets in Resources */ = {isa = PBXBuildFile; fileRef = 1C5AA8F7229B95C600D38F27 /* Assets.xcassets */; };
		1C5AA8FB229B95C600D38F27 /* LaunchScreen.storyboard in Resources */ = {isa = PBXBuildFile; fileRef = 1C5AA8F9229B95C600D38F27 /* LaunchScreen.storyboard */; };
		1C5AA906229B95C600D38F27 /* DemoVietComBankTests.swift in Sources */ = {isa = PBXBuildFile; fileRef = 1C5AA905229B95C600D38F27 /* DemoVietComBankTests.swift */; };
		1C5AA917229B97CA00D38F27 /* Photo.swift in Sources */ = {isa = PBXBuildFile; fileRef = 1C5AA916229B97CA00D38F27 /* Photo.swift */; };
		1CA50A5B229BC713004C7723 /* CollectionViewCell.swift in Sources */ = {isa = PBXBuildFile; fileRef = 1CA50A5A229BC713004C7723 /* CollectionViewCell.swift */; };
		1CB39CD8229BC37600BF741A /* ViewController.swift in Sources */ = {isa = PBXBuildFile; fileRef = 1CB39CD7229BC37600BF741A /* ViewController.swift */; };
/* End PBXBuildFile section */

/* Begin PBXContainerItemProxy section */
		1C5AA902229B95C600D38F27 /* PBXContainerItemProxy */ = {
			isa = PBXContainerItemProxy;
			containerPortal = 1C5AA8E5229B95C500D38F27 /* Project object */;
			proxyType = 1;
			remoteGlobalIDString = 1C5AA8EC229B95C500D38F27;
			remoteInfo = DemoVietComBank;
		};
/* End PBXContainerItemProxy section */

/* Begin PBXFileReference section */
		1C179FE9229E85CB002F5835 /* CollectionViewCellMenu.swift */ = {isa = PBXFileReference; lastKnownFileType = sourcecode.swift; path = CollectionViewCellMenu.swift; sourceTree = "<group>"; };
		1C17A01B229E95A0002F5835 /* menuViewController.swift */ = {isa = PBXFileReference; lastKnownFileType = sourcecode.swift; path = menuViewController.swift; sourceTree = "<group>"; };
		1C17A01D229E95AF002F5835 /* menuCollectionViewCell.swift */ = {isa = PBXFileReference; lastKnownFileType = sourcecode.swift; path = menuCollectionViewCell.swift; sourceTree = "<group>"; };
		1C17A01F229E95E6002F5835 /* IconMenu.swift */ = {isa = PBXFileReference; lastKnownFileType = sourcecode.swift; path = IconMenu.swift; sourceTree = "<group>"; };
		1C5AA8ED229B95C500D38F27 /* DemoVietComBank.app */ = {isa = PBXFileReference; explicitFileType = wrapper.application; includeInIndex = 0; path = DemoVietComBank.app; sourceTree = BUILT_PRODUCTS_DIR; };
		1C5AA8F0229B95C500D38F27 /* AppDelegate.swift */ = {isa = PBXFileReference; lastKnownFileType = sourcecode.swift; path = AppDelegate.swift; sourceTree = "<group>"; };
		1C5AA8F5229B95C500D38F27 /* Base */ = {isa = PBXFileReference; lastKnownFileType = file.storyboard; name = Base; path = Base.lproj/Main.storyboard; sourceTree = "<group>"; };
		1C5AA8F7229B95C600D38F27 /* Assets.xcassets */ = {isa = PBXFileReference; lastKnownFileType = folder.assetcatalog; path = Assets.xcassets; sourceTree = "<group>"; };
		1C5AA8FA229B95C600D38F27 /* Base */ = {isa = PBXFileReference; lastKnownFileType = file.storyboard; name = Base; path = Base.lproj/LaunchScreen.storyboard; sourceTree = "<group>"; };
		1C5AA8FC229B95C600D38F27 /* Info.plist */ = {isa = PBXFileReference; lastKnownFileType = text.plist.xml; path = Info.plist; sourceTree = "<group>"; };
		1C5AA901229B95C600D38F27 /* DemoVietComBankTests.xctest */ = {isa = PBXFileReference; explicitFileType = wrapper.cfbundle; includeInIndex = 0; path = DemoVietComBankTests.xctest; sourceTree = BUILT_PRODUCTS_DIR; };
		1C5AA905229B95C600D38F27 /* DemoVietComBankTests.swift */ = {isa = PBXFileReference; lastKnownFileType = sourcecode.swift; path = DemoVietComBankTests.swift; sourceTree = "<group>"; };
		1C5AA907229B95C600D38F27 /* Info.plist */ = {isa = PBXFileReference; lastKnownFileType = text.plist.xml; path = Info.plist; sourceTree = "<group>"; };
		1C5AA916229B97CA00D38F27 /* Photo.swift */ = {isa = PBXFileReference; lastKnownFileType = sourcecode.swift; path = Photo.swift; sourceTree = "<group>"; };
		1CA50A5A229BC713004C7723 /* CollectionViewCell.swift */ = {isa = PBXFileReference; lastKnownFileType = sourcecode.swift; path = CollectionViewCell.swift; sourceTree = "<group>"; };
		1CB39CD7229BC37600BF741A /* ViewController.swift */ = {isa = PBXFileReference; lastKnownFileType = sourcecode.swift; path = ViewController.swift; sourceTree = "<group>"; };
/* End PBXFileReference section */

/* Begin PBXFrameworksBuildPhase section */
		1C5AA8EA229B95C500D38F27 /* Frameworks */ = {
			isa = PBXFrameworksBuildPhase;
			buildActionMask = 2147483647;
			files = (
			);
			runOnlyForDeploymentPostprocessing = 0;
		};
		1C5AA8FE229B95C600D38F27 /* Frameworks */ = {
			isa = PBXFrameworksBuildPhase;
			buildActionMask = 2147483647;
			files = (
			);
			runOnlyForDeploymentPostprocessing = 0;
		};
/* End PBXFrameworksBuildPhase section */

/* Begin PBXGroup section */
		1C5AA8E4229B95C500D38F27 = {
			isa = PBXGroup;
			children = (
				1C5AA8EF229B95C500D38F27 /* DemoVietComBank */,
				1C5AA904229B95C600D38F27 /* DemoVietComBankTests */,
				1C5AA8EE229B95C500D38F27 /* Products */,
				1C179FE9229E85CB002F5835 /* CollectionViewCellMenu.swift */,
				1CA50A5A229BC713004C7723 /* CollectionViewCell.swift */,
			);
			sourceTree = "<group>";
		};
		1C5AA8EE229B95C500D38F27 /* Products */ = {
			isa = PBXGroup;
			children = (
				1C5AA8ED229B95C500D38F27 /* DemoVietComBank.app */,
				1C5AA901229B95C600D38F27 /* DemoVietComBankTests.xctest */,
			);
			name = Products;
			sourceTree = "<group>";
		};
		1C5AA8EF229B95C500D38F27 /* DemoVietComBank */ = {
			isa = PBXGroup;
			children = (
				1C5AA8F0229B95C500D38F27 /* AppDelegate.swift */,
				1C5AA916229B97CA00D38F27 /* Photo.swift */,
				1C5AA8F4229B95C500D38F27 /* Main.storyboard */,
				1CB39CD7229BC37600BF741A /* ViewController.swift */,
				1C5AA8F7229B95C600D38F27 /* Assets.xcassets */,
				1C5AA8F9229B95C600D38F27 /* LaunchScreen.storyboard */,
				1C5AA8FC229B95C600D38F27 /* Info.plist */,
				1C17A01B229E95A0002F5835 /* menuViewController.swift */,
				1C17A01F229E95E6002F5835 /* IconMenu.swift */,
				1C17A01D229E95AF002F5835 /* menuCollectionViewCell.swift */,
			);
			path = DemoVietComBank;
			sourceTree = "<group>";
		};
		1C5AA904229B95C600D38F27 /* DemoVietComBankTests */ = {
			isa = PBXGroup;
			children = (
				1C5AA905229B95C600D38F27 /* DemoVietComBankTests.swift */,
				1C5AA907229B95C600D38F27 /* Info.plist */,
			);
			path = DemoVietComBankTests;
			sourceTree = "<group>";
		};
/* End PBXGroup section */

/* Begin PBXNativeTarget section */
		1C5AA8EC229B95C500D38F27 /* DemoVietComBank */ = {
			isa = PBXNativeTarget;
			buildConfigurationList = 1C5AA90A229B95C600D38F27 /* Build configuration list for PBXNativeTarget "DemoVietComBank" */;
			buildPhases = (
				1C5AA8E9229B95C500D38F27 /* Sources */,
				1C5AA8EA229B95C500D38F27 /* Frameworks */,
				1C5AA8EB229B95C500D38F27 /* Resources */,
			);
			buildRules = (
			);
			dependencies = (
			);
			name = DemoVietComBank;
			productName = DemoVietComBank;
			productReference = 1C5AA8ED229B95C500D38F27 /* DemoVietComBank.app */;
			productType = "com.apple.product-type.application";
		};
		1C5AA900229B95C600D38F27 /* DemoVietComBankTests */ = {
			isa = PBXNativeTarget;
			buildConfigurationList = 1C5AA90D229B95C600D38F27 /* Build configuration list for PBXNativeTarget "DemoVietComBankTests" */;
			buildPhases = (
				1C5AA8FD229B95C600D38F27 /* Sources */,
				1C5AA8FE229B95C600D38F27 /* Frameworks */,
				1C5AA8FF229B95C600D38F27 /* Resources */,
			);
			buildRules = (
			);
			dependencies = (
				1C5AA903229B95C600D38F27 /* PBXTargetDependency */,
			);
			name = DemoVietComBankTests;
			productName = DemoVietComBankTests;
			productReference = 1C5AA901229B95C600D38F27 /* DemoVietComBankTests.xctest */;
			productType = "com.apple.product-type.bundle.unit-test";
		};
/* End PBXNativeTarget section */

/* Begin PBXProject section */
		1C5AA8E5229B95C500D38F27 /* Project object */ = {
			isa = PBXProject;
			attributes = {
				LastSwiftUpdateCheck = 1020;
				LastUpgradeCheck = 1020;
				ORGANIZATIONNAME = "Khánh Trắng";
				TargetAttributes = {
					1C5AA8EC229B95C500D38F27 = {
						CreatedOnToolsVersion = 10.2.1;
					};
					1C5AA900229B95C600D38F27 = {
						CreatedOnToolsVersion = 10.2.1;
						TestTargetID = 1C5AA8EC229B95C500D38F27;
					};
				};
			};
			buildConfigurationList = 1C5AA8E8229B95C500D38F27 /* Build configuration list for PBXProject "DemoVietComBank" */;
			compatibilityVersion = "Xcode 9.3";
			developmentRegion = en;
			hasScannedForEncodings = 0;
			knownRegions = (
				en,
				Base,
			);
			mainGroup = 1C5AA8E4229B95C500D38F27;
			productRefGroup = 1C5AA8EE229B95C500D38F27 /* Products */;
			projectDirPath = "";
			projectRoot = "";
			targets = (
				1C5AA8EC229B95C500D38F27 /* DemoVietComBank */,
				1C5AA900229B95C600D38F27 /* DemoVietComBankTests */,
			);
		};
/* End PBXProject section */

/* Begin PBXResourcesBuildPhase section */
		1C5AA8EB229B95C500D38F27 /* Resources */ = {
			isa = PBXResourcesBuildPhase;
			buildActionMask = 2147483647;
			files = (
				1C5AA8FB229B95C600D38F27 /* LaunchScreen.storyboard in Resources */,
				1C5AA8F8229B95C600D38F27 /* Assets.xcassets in Resources */,
				1C5AA8F6229B95C500D38F27 /* Main.storyboard in Resources */,
			);
			runOnlyForDeploymentPostprocessing = 0;
		};
		1C5AA8FF229B95C600D38F27 /* Resources */ = {
			isa = PBXResourcesBuildPhase;
			buildActionMask = 2147483647;
			files = (
			);
			runOnlyForDeploymentPostprocessing = 0;
		};
/* End PBXResourcesBuildPhase section */

/* Begin PBXSourcesBuildPhase section */
		1C5AA8E9229B95C500D38F27 /* Sources */ = {
			isa = PBXSourcesBuildPhase;
			buildActionMask = 2147483647;
			files = (
				1CB39CD8229BC37600BF741A /* ViewController.swift in Sources */,
				1C179FEA229E85CB002F5835 /* CollectionViewCellMenu.swift in Sources */,
				1C5AA8F1229B95C500D38F27 /* AppDelegate.swift in Sources */,
				1C17A01C229E95A0002F5835 /* menuViewController.swift in Sources */,
				1CA50A5B229BC713004C7723 /* CollectionViewCell.swift in Sources */,
				1C17A01E229E95AF002F5835 /* menuCollectionViewCell.swift in Sources */,
				1C5AA917229B97CA00D38F27 /* Photo.swift in Sources */,
				1C17A020229E95E6002F5835 /* IconMenu.swift in Sources */,
			);
			runOnlyForDeploymentPostprocessing = 0;
		};
		1C5AA8FD229B95C600D38F27 /* Sources */ = {
			isa = PBXSourcesBuildPhase;
			buildActionMask = 2147483647;
			files = (
				1C5AA906229B95C600D38F27 /* DemoVietComBankTests.swift in Sources */,
			);
			runOnlyForDeploymentPostprocessing = 0;
		};
/* End PBXSourcesBuildPhase section */

/* Begin PBXTargetDependency section */
		1C5AA903229B95C600D38F27 /* PBXTargetDependency */ = {
			isa = PBXTargetDependency;
			target = 1C5AA8EC229B95C500D38F27 /* DemoVietComBank */;
			targetProxy = 1C5AA902229B95C600D38F27 /* PBXContainerItemProxy */;
		};
/* End PBXTargetDependency section */

/* Begin PBXVariantGroup section */
		1C5AA8F4229B95C500D38F27 /* Main.storyboard */ = {
			isa = PBXVariantGroup;
			children = (
				1C5AA8F5229B95C500D38F27 /* Base */,
			);
			name = Main.storyboard;
			sourceTree = "<group>";
		};
		1C5AA8F9229B95C600D38F27 /* LaunchScreen.storyboard */ = {
			isa = PBXVariantGroup;
			children = (
				1C5AA8FA229B95C600D38F27 /* Base */,
			);
			name = LaunchScreen.storyboard;
			sourceTree = "<group>";
		};
/* End PBXVariantGroup section */

/* Begin XCBuildConfiguration section */
		1C5AA908229B95C600D38F27 /* Debug */ = {
			isa = XCBuildConfiguration;
			buildSettings = {
				ALWAYS_SEARCH_USER_PATHS = NO;
				CLANG_ANALYZER_NONNULL = YES;
				CLANG_ANALYZER_NUMBER_OBJECT_CONVERSION = YES_AGGRESSIVE;
				CLANG_CXX_LANGUAGE_STANDARD = "gnu++14";
				CLANG_CXX_LIBRARY = "libc++";
				CLANG_ENABLE_MODULES = YES;
				CLANG_ENABLE_OBJC_ARC = YES;
				CLANG_ENABLE_OBJC_WEAK = YES;
				CLANG_WARN_BLOCK_CAPTURE_AUTORELEASING = YES;
				CLANG_WARN_BOOL_CONVERSION = YES;
				CLANG_WARN_COMMA = YES;
				CLANG_WARN_CONSTANT_CONVERSION = YES;
				CLANG_WARN_DEPRECATED_OBJC_IMPLEMENTATIONS = YES;
				CLANG_WARN_DIRECT_OBJC_ISA_USAGE = YES_ERROR;
				CLANG_WARN_DOCUMENTATION_COMMENTS = YES;
				CLANG_WARN_EMPTY_BODY = YES;
				CLANG_WARN_ENUM_CONVERSION = YES;
				CLANG_WARN_INFINITE_RECURSION = YES;
				CLANG_WARN_INT_CONVERSION = YES;
				CLANG_WARN_NON_LITERAL_NULL_CONVERSION = YES;
				CLANG_WARN_OBJC_IMPLICIT_RETAIN_SELF = YES;
				CLANG_WARN_OBJC_LITERAL_CONVERSION = YES;
				CLANG_WARN_OBJC_ROOT_CLASS = YES_ERROR;
				CLANG_WARN_RANGE_LOOP_ANALYSIS = YES;
				CLANG_WARN_STRICT_PROTOTYPES = YES;
				CLANG_WARN_SUSPICIOUS_MOVE = YES;
				CLANG_WARN_UNGUARDED_AVAILABILITY = YES_AGGRESSIVE;
				CLANG_WARN_UNREACHABLE_CODE = YES;
				CLANG_WARN__DUPLICATE_METHOD_MATCH = YES;
				CODE_SIGN_IDENTITY = "iPhone Developer";
				COPY_PHASE_STRIP = NO;
				DEBUG_INFORMATION_FORMAT = dwarf;
				ENABLE_STRICT_OBJC_MSGSEND = YES;
				ENABLE_TESTABILITY = YES;
				GCC_C_LANGUAGE_STANDARD = gnu11;
				GCC_DYNAMIC_NO_PIC = NO;
				GCC_NO_COMMON_BLOCKS = YES;
				GCC_OPTIMIZATION_LEVEL = 0;
				GCC_PREPROCESSOR_DEFINITIONS = (
					"DEBUG=1",
					"$(inherited)",
				);
				GCC_WARN_64_TO_32_BIT_CONVERSION = YES;
				GCC_WARN_ABOUT_RETURN_TYPE = YES_ERROR;
				GCC_WARN_UNDECLARED_SELECTOR = YES;
				GCC_WARN_UNINITIALIZED_AUTOS = YES_AGGRESSIVE;
				GCC_WARN_UNUSED_FUNCTION = YES;
				GCC_WARN_UNUSED_VARIABLE = YES;
				IPHONEOS_DEPLOYMENT_TARGET = 12.2;
				MTL_ENABLE_DEBUG_INFO = INCLUDE_SOURCE;
				MTL_FAST_MATH = YES;
				ONLY_ACTIVE_ARCH = YES;
				SDKROOT = iphoneos;
				SWIFT_ACTIVE_COMPILATION_CONDITIONS = DEBUG;
				SWIFT_OPTIMIZATION_LEVEL = "-Onone";
			};
			name = Debug;
		};
		1C5AA909229B95C600D38F27 /* Release */ = {
			isa = XCBuildConfiguration;
			buildSettings = {
				ALWAYS_SEARCH_USER_PATHS = NO;
				CLANG_ANALYZER_NONNULL = YES;
				CLANG_ANALYZER_NUMBER_OBJECT_CONVERSION = YES_AGGRESSIVE;
				CLANG_CXX_LANGUAGE_STANDARD = "gnu++14";
				CLANG_CXX_LIBRARY = "libc++";
				CLANG_ENABLE_MODULES = YES;
				CLANG_ENABLE_OBJC_ARC = YES;
				CLANG_ENABLE_OBJC_WEAK = YES;
				CLANG_WARN_BLOCK_CAPTURE_AUTORELEASING = YES;
				CLANG_WARN_BOOL_CONVERSION = YES;
				CLANG_WARN_COMMA = YES;
				CLANG_WARN_CONSTANT_CONVERSION = YES;
				CLANG_WARN_DEPRECATED_OBJC_IMPLEMENTATIONS = YES;
				CLANG_WARN_DIRECT_OBJC_ISA_USAGE = YES_ERROR;
				CLANG_WARN_DOCUMENTATION_COMMENTS = YES;
				CLANG_WARN_EMPTY_BODY = YES;
				CLANG_WARN_ENUM_CONVERSION = YES;
				CLANG_WARN_INFINITE_RECURSION = YES;
				CLANG_WARN_INT_CONVERSION = YES;
				CLANG_WARN_NON_LITERAL_NULL_CONVERSION = YES;
				CLANG_WARN_OBJC_IMPLICIT_RETAIN_SELF = YES;
				CLANG_WARN_OBJC_LITERAL_CONVERSION = YES;
				CLANG_WARN_OBJC_ROOT_CLASS = YES_ERROR;
				CLANG_WARN_RANGE_LOOP_ANALYSIS = YES;
				CLANG_WARN_STRICT_PROTOTYPES = YES;
				CLANG_WARN_SUSPICIOUS_MOVE = YES;
				CLANG_WARN_UNGUARDED_AVAILABILITY = YES_AGGRESSIVE;
				CLANG_WARN_UNREACHABLE_CODE = YES;
				CLANG_WARN__DUPLICATE_METHOD_MATCH = YES;
				CODE_SIGN_IDENTITY = "iPhone Developer";
				COPY_PHASE_STRIP = NO;
				DEBUG_INFORMATION_FORMAT = "dwarf-with-dsym";
				ENABLE_NS_ASSERTIONS = NO;
				ENABLE_STRICT_OBJC_MSGSEND = YES;
				GCC_C_LANGUAGE_STANDARD = gnu11;
				GCC_NO_COMMON_BLOCKS = YES;
				GCC_WARN_64_TO_32_BIT_CONVERSION = YES;
				GCC_WARN_ABOUT_RETURN_TYPE = YES_ERROR;
				GCC_WARN_UNDECLARED_SELECTOR = YES;
				GCC_WARN_UNINITIALIZED_AUTOS = YES_AGGRESSIVE;
				GCC_WARN_UNUSED_FUNCTION = YES;
				GCC_WARN_UNUSED_VARIABLE = YES;
				IPHONEOS_DEPLOYMENT_TARGET = 12.2;
				MTL_ENABLE_DEBUG_INFO = NO;
				MTL_FAST_MATH = YES;
				SDKROOT = iphoneos;
				SWIFT_COMPILATION_MODE = wholemodule;
				SWIFT_OPTIMIZATION_LEVEL = "-O";
				VALIDATE_PRODUCT = YES;
			};
			name = Release;
		};
		1C5AA90B229B95C600D38F27 /* Debug */ = {
			isa = XCBuildConfiguration;
			buildSettings = {
				ASSETCATALOG_COMPILER_APPICON_NAME = AppIcon;
				CODE_SIGN_STYLE = Automatic;
				INFOPLIST_FILE = DemoVietComBank/Info.plist;
				LD_RUNPATH_SEARCH_PATHS = (
					"$(inherited)",
					"@executable_path/Frameworks",
				);
				PRODUCT_BUNDLE_IDENTIFIER = harry.DemoVietComBank;
				PRODUCT_NAME = "$(TARGET_NAME)";
				SWIFT_VERSION = 5.0;
				TARGETED_DEVICE_FAMILY = "1,2";
			};
			name = Debug;
		};
		1C5AA90C229B95C600D38F27 /* Release */ = {
			isa = XCBuildConfiguration;
			buildSettings = {
				ASSETCATALOG_COMPILER_APPICON_NAME = AppIcon;
				CODE_SIGN_STYLE = Automatic;
				INFOPLIST_FILE = DemoVietComBank/Info.plist;
				LD_RUNPATH_SEARCH_PATHS = (
					"$(inherited)",
					"@executable_path/Frameworks",
				);
				PRODUCT_BUNDLE_IDENTIFIER = harry.DemoVietComBank;
				PRODUCT_NAME = "$(TARGET_NAME)";
				SWIFT_VERSION = 5.0;
				TARGETED_DEVICE_FAMILY = "1,2";
			};
			name = Release;
		};
		1C5AA90E229B95C600D38F27 /* Debug */ = {
			isa = XCBuildConfiguration;
			buildSettings = {
				ALWAYS_EMBED_SWIFT_STANDARD_LIBRARIES = YES;
				BUNDLE_LOADER = "$(TEST_HOST)";
				CODE_SIGN_STYLE = Automatic;
				INFOPLIST_FILE = DemoVietComBankTests/Info.plist;
				LD_RUNPATH_SEARCH_PATHS = (
					"$(inherited)",
					"@executable_path/Frameworks",
					"@loader_path/Frameworks",
				);
				PRODUCT_BUNDLE_IDENTIFIER = harry.DemoVietComBankTests;
				PRODUCT_NAME = "$(TARGET_NAME)";
				SWIFT_VERSION = 5.0;
				TARGETED_DEVICE_FAMILY = "1,2";
				TEST_HOST = "$(BUILT_PRODUCTS_DIR)/DemoVietComBank.app/DemoVietComBank";
			};
			name = Debug;
		};
		1C5AA90F229B95C600D38F27 /* Release */ = {
			isa = XCBuildConfiguration;
			buildSettings = {
				ALWAYS_EMBED_SWIFT_STANDARD_LIBRARIES = YES;
				BUNDLE_LOADER = "$(TEST_HOST)";
				CODE_SIGN_STYLE = Automatic;
				INFOPLIST_FILE = DemoVietComBankTests/Info.plist;
				LD_RUNPATH_SEARCH_PATHS = (
					"$(inherited)",
					"@executable_path/Frameworks",
					"@loader_path/Frameworks",
				);
				PRODUCT_BUNDLE_IDENTIFIER = harry.DemoVietComBankTests;
				PRODUCT_NAME = "$(TARGET_NAME)";
				SWIFT_VERSION = 5.0;
				TARGETED_DEVICE_FAMILY = "1,2";
				TEST_HOST = "$(BUILT_PRODUCTS_DIR)/DemoVietComBank.app/DemoVietComBank";
			};
			name = Release;
		};
/* End XCBuildConfiguration section */

/* Begin XCConfigurationList section */
		1C5AA8E8229B95C500D38F27 /* Build configuration list for PBXProject "DemoVietComBank" */ = {
			isa = XCConfigurationList;
			buildConfigurations = (
				1C5AA908229B95C600D38F27 /* Debug */,
				1C5AA909229B95C600D38F27 /* Release */,
			);
			defaultConfigurationIsVisible = 0;
			defaultConfigurationName = Release;
		};
		1C5AA90A229B95C600D38F27 /* Build configuration list for PBXNativeTarget "DemoVietComBank" */ = {
			isa = XCConfigurationList;
			buildConfigurations = (
				1C5AA90B229B95C600D38F27 /* Debug */,
				1C5AA90C229B95C600D38F27 /* Release */,
			);
			defaultConfigurationIsVisible = 0;
			defaultConfigurationName = Release;
		};
		1C5AA90D229B95C600D38F27 /* Build configuration list for PBXNativeTarget "DemoVietComBankTests" */ = {
			isa = XCConfigurationList;
			buildConfigurations = (
				1C5AA90E229B95C600D38F27 /* Debug */,
				1C5AA90F229B95C600D38F27 /* Release */,
			);
			defaultConfigurationIsVisible = 0;
			defaultConfigurationName = Release;
		};
/* End XCConfigurationList section */
	};
	rootObject = 1C5AA8E5229B95C500D38F27 /* Project object */;
}
